
Microsoft Visual Studio Solution File, Format Version 12.00
# Visual Studio Version 17
VisualStudioVersion = 17.14.36408.4 d17.14
MinimumVisualStudioVersion = 10.0.40219.1
Project("{FAE04EC0-301F-11D3-BF4B-00C04F79EFBC}") = "EmployeeProjectTrackerAPI", "EmployeeProjectTrackerAPI\EmployeeProjectTrackerAPI.csproj", "{D67BE579-0C8E-4D0C-8E6B-F98157C33B12}"
EndProject
Global
	GlobalSection(SolutionConfigurationPlatforms) = preSolution
		Debug|Any CPU = Debug|Any CPU
		Release|Any CPU = Release|Any CPU
	EndGlobalSection
	GlobalSection(ProjectConfigurationPlatforms) = postSolution
		{D67BE579-0C8E-4D0C-8E6B-F98157C33B12}.Debug|Any CPU.ActiveCfg = Debug|Any CPU
		{D67BE579-0C8E-4D0C-8E6B-F98157C33B12}.Debug|Any CPU.Build.0 = Debug|Any CPU
		{D67BE579-0C8E-4D0C-8E6B-F98157C33B12}.Release|Any CPU.ActiveCfg = Release|Any CPU
		{D67BE579-0C8E-4D0C-8E6B-F98157C33B12}.Release|Any CPU.Build.0 = Release|Any CPU
	EndGlobalSection
	GlobalSection(SolutionProperties) = preSolution
		HideSolutionNode = FALSE
	EndGlobalSection
	GlobalSection(ExtensibilityGlobals) = postSolution
		SolutionGuid = {6712AB3B-9AA0-4B5B-B911-FF249AFBAD7F}
	EndGlobalSection
EndGlobal
